
Microsoft Visual Studio Solution File, Format Version 12.00
# Visual Studio 2013
VisualStudioVersion = 12.0.31101.0
MinimumVisualStudioVersion = 10.0.40219.1
Project("{FAE04EC0-301F-11D3-BF4B-00C04F79EFBC}") = "Domain", "Domain\Domain.csproj", "{9E5C72B1-C477-426F-9F70-032D07C1077E}"
EndProject
Project("{FAE04EC0-301F-11D3-BF4B-00C04F79EFBC}") = "DesignPatternConsole", "DesignPatternConsole\DesignPatternConsole.csproj", "{4078C3AA-68D0-4654-B41A-2CF447168728}"
EndProject
Project("{FAE04EC0-301F-11D3-BF4B-00C04F79EFBC}") = "DecoratorCoffee", "DecoratorCoffee\DecoratorCoffee.csproj", "{7FF4C82D-2FF5-4BB8-9B74-15B0F4E29DA3}"
EndProject
Project("{FAE04EC0-301F-11D3-BF4B-00C04F79EFBC}") = "Service", "Service\Service.csproj", "{3C92853A-24D4-470B-966D-46203E35378E}"
EndProject
Project("{FAE04EC0-301F-11D3-BF4B-00C04F79EFBC}") = "CompositeMenu", "CompositeMenu\CompositeMenu.csproj", "{D6EBEB73-6457-4D6F-9345-193A8CF0881F}"
EndProject
Global
	GlobalSection(SolutionConfigurationPlatforms) = preSolution
		Debug|Any CPU = Debug|Any CPU
		Release|Any CPU = Release|Any CPU
	EndGlobalSection
	GlobalSection(ProjectConfigurationPlatforms) = postSolution
		{9E5C72B1-C477-426F-9F70-032D07C1077E}.Debug|Any CPU.ActiveCfg = Debug|Any CPU
		{9E5C72B1-C477-426F-9F70-032D07C1077E}.Debug|Any CPU.Build.0 = Debug|Any CPU
		{9E5C72B1-C477-426F-9F70-032D07C1077E}.Release|Any CPU.ActiveCfg = Release|Any CPU
		{9E5C72B1-C477-426F-9F70-032D07C1077E}.Release|Any CPU.Build.0 = Release|Any CPU
		{4078C3AA-68D0-4654-B41A-2CF447168728}.Debug|Any CPU.ActiveCfg = Debug|Any CPU
		{4078C3AA-68D0-4654-B41A-2CF447168728}.Debug|Any CPU.Build.0 = Debug|Any CPU
		{4078C3AA-68D0-4654-B41A-2CF447168728}.Release|Any CPU.ActiveCfg = Release|Any CPU
		{4078C3AA-68D0-4654-B41A-2CF447168728}.Release|Any CPU.Build.0 = Release|Any CPU
		{7FF4C82D-2FF5-4BB8-9B74-15B0F4E29DA3}.Debug|Any CPU.ActiveCfg = Debug|Any CPU
		{7FF4C82D-2FF5-4BB8-9B74-15B0F4E29DA3}.Debug|Any CPU.Build.0 = Debug|Any CPU
		{7FF4C82D-2FF5-4BB8-9B74-15B0F4E29DA3}.Release|Any CPU.ActiveCfg = Release|Any CPU
		{7FF4C82D-2FF5-4BB8-9B74-15B0F4E29DA3}.Release|Any CPU.Build.0 = Release|Any CPU
		{3C92853A-24D4-470B-966D-46203E35378E}.Debug|Any CPU.ActiveCfg = Debug|Any CPU
		{3C92853A-24D4-470B-966D-46203E35378E}.Debug|Any CPU.Build.0 = Debug|Any CPU
		{3C92853A-24D4-470B-966D-46203E35378E}.Release|Any CPU.ActiveCfg = Release|Any CPU
		{3C92853A-24D4-470B-966D-46203E35378E}.Release|Any CPU.Build.0 = Release|Any CPU
		{D6EBEB73-6457-4D6F-9345-193A8CF0881F}.Debug|Any CPU.ActiveCfg = Debug|Any CPU
		{D6EBEB73-6457-4D6F-9345-193A8CF0881F}.Debug|Any CPU.Build.0 = Debug|Any CPU
		{D6EBEB73-6457-4D6F-9345-193A8CF0881F}.Release|Any CPU.ActiveCfg = Release|Any CPU
		{D6EBEB73-6457-4D6F-9345-193A8CF0881F}.Release|Any CPU.Build.0 = Release|Any CPU
	EndGlobalSection
	GlobalSection(SolutionProperties) = preSolution
		HideSolutionNode = FALSE
	EndGlobalSection
EndGlobal
